
Microsoft Visual Studio Solution File, Format Version 12.00
# Visual Studio Version 16
VisualStudioVersion = 16.0.31410.357
MinimumVisualStudioVersion = 10.0.40219.1
Project("{FAE04EC0-301F-11D3-BF4B-00C04F79EFBC}") = "LogicalProgramming", "LogicalProgramming\LogicalProgramming.csproj", "{FE3DBADC-19CC-4981-B882-52A8158FC37E}"
EndProject
Global
	GlobalSection(SolutionConfigurationPlatforms) = preSolution
		Debug|Any CPU = Debug|Any CPU
		Release|Any CPU = Release|Any CPU
	EndGlobalSection
	GlobalSection(ProjectConfigurationPlatforms) = postSolution
		{FE3DBADC-19CC-4981-B882-52A8158FC37E}.Debug|Any CPU.ActiveCfg = Debug|Any CPU
		{FE3DBADC-19CC-4981-B882-52A8158FC37E}.Debug|Any CPU.Build.0 = Debug|Any CPU
		{FE3DBADC-19CC-4981-B882-52A8158FC37E}.Release|Any CPU.ActiveCfg = Release|Any CPU
		{FE3DBADC-19CC-4981-B882-52A8158FC37E}.Release|Any CPU.Build.0 = Release|Any CPU
	EndGlobalSection
	GlobalSection(SolutionProperties) = preSolution
		HideSolutionNode = FALSE
	EndGlobalSection
	GlobalSection(ExtensibilityGlobals) = postSolution
		SolutionGuid = {F1F47459-F059-41E3-9B6C-6657A36FCBE9}
	EndGlobalSection
EndGlobal
